
Microsoft Visual Studio Solution File, Format Version 12.00
# Visual Studio Version 16
VisualStudioVersion = 16.0.31702.278
MinimumVisualStudioVersion = 10.0.40219.1
Project("{FAE04EC0-301F-11D3-BF4B-00C04F79EFBC}") = "AdministradorWeb", "AdministradorWeb\AdministradorWeb.csproj", "{44C3A1F0-1F5C-4F93-8647-CADCD8786F3F}"
EndProject
Global
	GlobalSection(SolutionConfigurationPlatforms) = preSolution
		Debug|Any CPU = Debug|Any CPU
		Release|Any CPU = Release|Any CPU
	EndGlobalSection
	GlobalSection(ProjectConfigurationPlatforms) = postSolution
		{44C3A1F0-1F5C-4F93-8647-CADCD8786F3F}.Debug|Any CPU.ActiveCfg = Debug|Any CPU
		{44C3A1F0-1F5C-4F93-8647-CADCD8786F3F}.Debug|Any CPU.Build.0 = Debug|Any CPU
		{44C3A1F0-1F5C-4F93-8647-CADCD8786F3F}.Release|Any CPU.ActiveCfg = Release|Any CPU
		{44C3A1F0-1F5C-4F93-8647-CADCD8786F3F}.Release|Any CPU.Build.0 = Release|Any CPU
	EndGlobalSection
	GlobalSection(SolutionProperties) = preSolution
		HideSolutionNode = FALSE
	EndGlobalSection
	GlobalSection(ExtensibilityGlobals) = postSolution
		SolutionGuid = {F907544D-23FE-42CA-9A64-8A8C7C638879}
	EndGlobalSection
EndGlobal
